
Microsoft Visual Studio Solution File, Format Version 12.00
# Visual Studio Version 16
VisualStudioVersion = 16.0.30907.101
MinimumVisualStudioVersion = 10.0.40219.1
Project("{FAE04EC0-301F-11D3-BF4B-00C04F79EFBC}") = "CollisionGame", "CollisionGame.csproj", "{BC6359B0-0AE3-421B-BF39-26FB94BD54EE}"
EndProject
Global
	GlobalSection(SolutionConfigurationPlatforms) = preSolution
		Debug|Any CPU = Debug|Any CPU
		Release|Any CPU = Release|Any CPU
	EndGlobalSection
	GlobalSection(ProjectConfigurationPlatforms) = postSolution
		{BC6359B0-0AE3-421B-BF39-26FB94BD54EE}.Debug|Any CPU.ActiveCfg = Debug|Any CPU
		{BC6359B0-0AE3-421B-BF39-26FB94BD54EE}.Debug|Any CPU.Build.0 = Debug|Any CPU
		{BC6359B0-0AE3-421B-BF39-26FB94BD54EE}.Release|Any CPU.ActiveCfg = Release|Any CPU
		{BC6359B0-0AE3-421B-BF39-26FB94BD54EE}.Release|Any CPU.Build.0 = Release|Any CPU
	EndGlobalSection
	GlobalSection(SolutionProperties) = preSolution
		HideSolutionNode = FALSE
	EndGlobalSection
	GlobalSection(ExtensibilityGlobals) = postSolution
		SolutionGuid = {2AD26530-E2AF-4B5A-AE6E-32F6E8A7697F}
	EndGlobalSection
EndGlobal
